
Microsoft Visual Studio Solution File, Format Version 12.00
# Visual Studio Version 16
VisualStudioVersion = 16.0.28803.452
MinimumVisualStudioVersion = 10.0.40219.1
Project("{FAE04EC0-301F-11D3-BF4B-00C04F79EFBC}") = "salesforce-csharp-soap-sample", "salesforce-csharp-soap-sample\salesforce-csharp-soap-sample.csproj", "{665D8710-7DB7-4AB7-9A4B-E777AD6697CE}"
EndProject
Global
	GlobalSection(SolutionConfigurationPlatforms) = preSolution
		Debug|Any CPU = Debug|Any CPU
		Release|Any CPU = Release|Any CPU
	EndGlobalSection
	GlobalSection(ProjectConfigurationPlatforms) = postSolution
		{665D8710-7DB7-4AB7-9A4B-E777AD6697CE}.Debug|Any CPU.ActiveCfg = Debug|Any CPU
		{665D8710-7DB7-4AB7-9A4B-E777AD6697CE}.Debug|Any CPU.Build.0 = Debug|Any CPU
		{665D8710-7DB7-4AB7-9A4B-E777AD6697CE}.Release|Any CPU.ActiveCfg = Release|Any CPU
		{665D8710-7DB7-4AB7-9A4B-E777AD6697CE}.Release|Any CPU.Build.0 = Release|Any CPU
	EndGlobalSection
	GlobalSection(SolutionProperties) = preSolution
		HideSolutionNode = FALSE
	EndGlobalSection
	GlobalSection(ExtensibilityGlobals) = postSolution
		SolutionGuid = {781E34C7-ED19-4F21-9EB0-D6056102B9AD}
	EndGlobalSection
EndGlobal
